lockfileVersion: '9.0'

settings:
  autoInstallPeers: true
  excludeLinksFromLockfile: false

importers:

  .:
    dependencies:
      syncables:
        specifier: 0.19.0
        version: 0.19.0

packages:

  argparse@2.0.1:
    resolution: {integrity: sha512-8+9WqebbFzpX9OR+Wa6O29asIogeRMzcGtAINdpMHHyAg10f05aSFVBbcEqGf/PXw1EjAZ+q2/bEBg3DvurK3Q==}

  js-yaml@4.1.1:
    resolution: {integrity: sha512-qQKT4zQxXl8lLwBtHMWwaTcGfFOZviOJet3Oy/xmGk2gZH677CJM9EvtfdSkgWcATZhj/55JZ0rmy3myCT5lsA==}
    hasBin: true

  syncables@0.19.0:
    resolution: {integrity: sha512-/h4GPnTvNWPOReUM7ezF9t8jaftIcV/CYwf15aH/h9PboSVQlLMx7q5CSQQQUYnmvYaTM62kRtSHuoi7a8z6+w==}
    engines: {node: '>= 22.11 < 23'}

  tslib@2.8.1:
    resolution: {integrity: sha512-oJFu94HQb+KVduSUQL7wnpmqnfmLsOA/nAh6b6EH0wCEoK0/mPeXU6c3wKDV83MkOuHPRHtSXKKU99IBazS/2w==}

snapshots:

  argparse@2.0.1: {}

  js-yaml@4.1.1:
    dependencies:
      argparse: 2.0.1

  syncables@0.19.0:
    dependencies:
      js-yaml: 4.1.1
      tslib: 2.8.1

  tslib@2.8.1: {}
