lockfileVersion: '9.0'

settings:
  autoInstallPeers: true
  excludeLinksFromLockfile: false

importers:

  .:
    devDependencies:
      '@atproto-labs/fetch-node':
        specifier: 0.4.0
        version: 0.4.0
      '@atproto/crypto':
        specifier: 0.5.6
        version: 0.5.6
      '@atproto/did':
        specifier: 0.5.6
        version: 0.5.6
      '@atproto/identity':
        specifier: 0.5.15
        version: 0.5.15
      '@atproto/syntax':
        specifier: 0.7.6
        version: 0.7.6
      undici:
        specifier: 7.30.0
        version: 7.30.0

packages:

  '@atproto-labs/fetch-node@0.4.0':
    resolution: {integrity: sha512-5Yi8fz/JDGEoObRgRJuglcodB/MJeQnnoqokOGSQK5ItISObSttbGIgHE1UMU1njcwxbvKtbGMWHUCRgqML2Dw==}
    engines: {node: '>=22'}

  '@atproto-labs/fetch@0.3.6':
    resolution: {integrity: sha512-ro/J/cnqIp4bnSzDl8N3SkruvQcE3Pze+1H70mKdFfyFcdhPr+7O4lggl4VCbhI84Yqgz47c0xC6F/Yl39SxDA==}
    engines: {node: '>=22'}

  '@atproto-labs/pipe@0.2.4':
    resolution: {integrity: sha512-n67jCcrC+ouAeO10cWkpPzzLMlDi/lDCU30Us+LGqhOPhT6c4t5ASdBLQi9W3jUQtRzQBt3G9zipF+xKWNvVbw==}
    engines: {node: '>=22'}

  '@atproto/common-web@0.5.13':
    resolution: {integrity: sha512-TSVba26vsgeYqeE6BKrvomEbzRJPiRkmVfakfJxqoEWAwxrWfvXvKSwGkPIY57kw5g2gHpKxPIM0v+DqarWKEw==}
    engines: {node: '>=22'}

  '@atproto/crypto@0.5.6':
    resolution: {integrity: sha512-eOf+YJwyMJWag+4vJlxChU2LaJJR9ii3R2KI3e4ekmYCwhVy9f7a5HbrNYfNsppQnPy7Qy8ragJKHjKW2GcdzA==}
    engines: {node: '>=22'}

  '@atproto/did@0.5.6':
    resolution: {integrity: sha512-8bLfOnaoWBmg9S8naqzk5mG8zYAXfSKT4odB5OHcCAd1o7p6RFb0Rk9WGobEgboKtxP2CIeul6mzI5PUT4v6Gg==}
    engines: {node: '>=22'}

  '@atproto/identity@0.5.15':
    resolution: {integrity: sha512-kwL0Vm7lyVlTpFd3go3eoYtITZ/+Ae2NYVmSLf62WhaRm26df3ZBEFVQwefqu+kmXFxcNZWeJHse444sAJAj8Q==}
    engines: {node: '>=22'}

  '@atproto/lex-data@0.1.7':
    resolution: {integrity: sha512-kW/dPLqo/WgCLV+XESR4JKwV6c1rZWJGOfuPupZGTjEDAKoBbKXdaEzX9/1vKQYbZ9U3j0DS/n7OFFK7wBugyQ==}
    engines: {node: '>=22'}

  '@atproto/lex-json@0.1.6':
    resolution: {integrity: sha512-mvrAd0lbyuecIHjyld8QN6MN6CBf4j0GCxLzegsvLh0SvDf+GbYWklkcQqmITL44yFQOwmA/QNIQj0Uvh7+R/g==}
    engines: {node: '>=22'}

  '@atproto/syntax@0.7.6':
    resolution: {integrity: sha512-luKQTcWw1H1jLmYvX34ldBqNjz2orF082njmcF9fxbWTqVhsO+TpY0FHRKVPoV7dwL0Y3L16DNz1ma0LFGH25g==}
    engines: {node: '>=22'}

  '@noble/curves@1.9.7':
    resolution: {integrity: sha512-gbKGcRUYIjA3/zCCNaWDciTMFI0dCkvou3TL8Zmy5Nc7sJ47a0jtOeZoTaMxkuqRo9cRhjOdZJXegxYE5FN/xw==}
    engines: {node: ^14.21.3 || >=16}

  '@noble/hashes@1.8.0':
    resolution: {integrity: sha512-jCs9ldd7NwzpgXDIf6P3+NrHh9/sD6CQdxHyjQI+h/6rDNo88ypBxxz45UDuZHz9r3tNz7N/VInSVoVdtXEI4A==}
    engines: {node: ^14.21.3 || >=16}

  ipaddr.js@2.5.0:
    resolution: {integrity: sha512-aq+t5NAc+cS6rZQQVWC2x98CPqGtKKTMDd4Gaodv0wShnItdKg/51djkGJ1hqH+Oy0ivDftCbSLCQob8zso01w==}
    engines: {node: '>= 10'}

  iso-datestring-validator@2.2.2:
    resolution: {integrity: sha512-yLEMkBbLZTlVQqOnQ4FiMujR6T4DEcCb1xizmvXS+OxuhwcbtynoosRzdMA69zZCShCNAbi+gJ71FxZBBXx1SA==}

  multiformats@13.4.2:
    resolution: {integrity: sha512-eh6eHCrRi1+POZ3dA+Dq1C6jhP1GNtr9CRINMb67OKzqW9I5DUuZM/3jLPlzhgpGeiNUlEGEbkCYChXMCc/8DQ==}

  tslib@2.8.1:
    resolution: {integrity: sha512-oJFu94HQb+KVduSUQL7wnpmqnfmLsOA/nAh6b6EH0wCEoK0/mPeXU6c3wKDV83MkOuHPRHtSXKKU99IBazS/2w==}

  uint8arrays@5.1.1:
    resolution: {integrity: sha512-9muQwa4wZG4dKi9gMAIBtnk2Pw87SRpvWTH6lOGm19V2Uqxr4uomUf2PGqPnWc+qs06sN8owUU4jfcoWOcfwVQ==}

  undici@6.29.0:
    resolution: {integrity: sha512-R+RODBqp6i2pPflGdq+xIOUkl+RNfGgHwoinecKu/JCuf2uO06cOKoDbI2P7Dn6KcswdKwrczbU6IYJ6K8X+wg==}
    engines: {node: '>=18.17'}

  undici@7.30.0:
    resolution: {integrity: sha512-dkrQXeHSaoamnItlYbmzG0wFYrM0ZwDxCIg0A7aKjTyyhh9svRzCNFEzV+Vm05/yehjCzjDZ31KXfGEjYSztDQ==}
    engines: {node: '>=20.18.1'}

  undici@8.11.2:
    resolution: {integrity: sha512-u4UB2/IrKdU6lFxumHmmo1a3fCQO5tzQllRorfoRS63txhrB7xTpSn1PftwC4qEHkOaqP95fCWW4lJzwErwzhQ==}
    engines: {node: '>=22.19.0'}

  unicode-segmenter@0.14.5:
    resolution: {integrity: sha512-jHGmj2LUuqDcX3hqY12Ql+uhUTn8huuxNZGq7GvtF6bSybzH3aFgedYu/KTzQStEgt1Ra2F3HxadNXsNjb3m3g==}

  zod@3.25.76:
    resolution: {integrity: sha512-gzUt/qt81nXsFGKIFcC3YnfEAx5NkunCfnDlvuBSSFS02bcXu4Lmea0AFIUwbLWxWPx3d9p8S5QoaujKcNQxcQ==}

snapshots:

  '@atproto-labs/fetch-node@0.4.0':
    dependencies:
      '@atproto-labs/fetch': 0.3.6
      '@atproto-labs/pipe': 0.2.4
      ipaddr.js: 2.5.0
      undici_v6: undici@6.29.0
      undici_v7: undici@7.30.0
      undici_v8: undici@8.11.2

  '@atproto-labs/fetch@0.3.6':
    dependencies:
      '@atproto-labs/pipe': 0.2.4

  '@atproto-labs/pipe@0.2.4': {}

  '@atproto/common-web@0.5.13':
    dependencies:
      '@atproto/lex-data': 0.1.7
      '@atproto/lex-json': 0.1.6
      '@atproto/syntax': 0.7.6
      zod: 3.25.76

  '@atproto/crypto@0.5.6':
    dependencies:
      '@noble/curves': 1.9.7
      '@noble/hashes': 1.8.0
      uint8arrays: 5.1.1

  '@atproto/did@0.5.6':
    dependencies:
      zod: 3.25.76

  '@atproto/identity@0.5.15':
    dependencies:
      '@atproto-labs/fetch-node': 0.4.0
      '@atproto/common-web': 0.5.13
      '@atproto/crypto': 0.5.6

  '@atproto/lex-data@0.1.7':
    dependencies:
      multiformats: 13.4.2
      tslib: 2.8.1
      unicode-segmenter: 0.14.5

  '@atproto/lex-json@0.1.6':
    dependencies:
      '@atproto/lex-data': 0.1.7
      tslib: 2.8.1

  '@atproto/syntax@0.7.6':
    dependencies:
      iso-datestring-validator: 2.2.2
      tslib: 2.8.1

  '@noble/curves@1.9.7':
    dependencies:
      '@noble/hashes': 1.8.0

  '@noble/hashes@1.8.0': {}

  ipaddr.js@2.5.0: {}

  iso-datestring-validator@2.2.2: {}

  multiformats@13.4.2: {}

  tslib@2.8.1: {}

  uint8arrays@5.1.1:
    dependencies:
      multiformats: 13.4.2

  undici@6.29.0: {}

  undici@7.30.0: {}

  undici@8.11.2: {}

  unicode-segmenter@0.14.5: {}

  zod@3.25.76: {}
